{
  "requires": true,
  "lockfileVersion": 1,
  "dependencies": {
    "@ui-grid/auto-resize": {
      "version": "4.11.1",
      "resolved": "https://registry.npmjs.org/@ui-grid/auto-resize/-/auto-resize-4.11.1.tgz",
      "integrity": "sha512-BPeIEl2+OWZxROUFgTqBnQqx3sBp5kQ8kaKBhDiVps9wLn5H90Pfwa28qRd4lvRNoQrsdg3Kh5CdjRcYKBsLag==",
      "requires": {
        "@ui-grid/core": "^4.11.1",
        "angular": ">=1.4.0 1.8.x"
      }
    },
    "@ui-grid/core": {
      "version": "4.11.1",
      "resolved": "https://registry.npmjs.org/@ui-grid/core/-/core-4.11.1.tgz",
      "integrity": "sha512-bgSPHVfyLRC9htugYXP6whRcAhRsfB+lqAg7rSi3z/SJwXcZ+DAyK4OFUVcR0y5/yAJEiJyO7LA8LkAHdRg7LA==",
      "requires": {
        "angular": ">=1.4.0 1.8.x"
      }
    },
    "angular": {
      "version": "1.8.2",
      "resolved": "https://registry.npmjs.org/angular/-/angular-1.8.2.tgz",
      "integrity": "sha512-IauMOej2xEe7/7Ennahkbb5qd/HFADiNuLSESz9Q27inmi32zB0lnAsFeLEWcox3Gd1F6YhNd1CP7/9IukJ0Gw=="
    },
    "angularjs-dropdown-multiselect": {
      "version": "2.0.0-beta.10",
      "resolved": "https://registry.npmjs.org/angularjs-dropdown-multiselect/-/angularjs-dropdown-multiselect-2.0.0-beta.10.tgz",
      "integrity": "sha1-/7R63w33M/PalM5JyE+PBdJHKl8=",
      "requires": {
        "angular": "~1"
      }
    }
  }
}
